
Microsoft Visual Studio Solution File, Format Version 12.00
Project("{FAE04EC0-301F-11D3-BF4B-00C04F79EFBC}") = "SMSL.Core", "SMSL.Core\SMSL.Core.csproj", "{A87FC91D-9DC0-4E2D-9F55-A61534712BF5}"
EndProject
Project("{FAE04EC0-301F-11D3-BF4B-00C04F79EFBC}") = "SMSL.UI", "SMSL.UI\SMSL.UI.csproj", "{3A959E59-8B97-45CD-9BB5-82EBA279A406}"
EndProject
Global
	GlobalSection(SolutionConfigurationPlatforms) = preSolution
		Debug|Any CPU = Debug|Any CPU
		Release|Any CPU = Release|Any CPU
	EndGlobalSection
	GlobalSection(ProjectConfigurationPlatforms) = postSolution
		{A87FC91D-9DC0-4E2D-9F55-A61534712BF5}.Debug|Any CPU.ActiveCfg = Debug|Any CPU
		{A87FC91D-9DC0-4E2D-9F55-A61534712BF5}.Debug|Any CPU.Build.0 = Debug|Any CPU
		{A87FC91D-9DC0-4E2D-9F55-A61534712BF5}.Release|Any CPU.ActiveCfg = Release|Any CPU
		{A87FC91D-9DC0-4E2D-9F55-A61534712BF5}.Release|Any CPU.Build.0 = Release|Any CPU
		{3A959E59-8B97-45CD-9BB5-82EBA279A406}.Debug|Any CPU.ActiveCfg = Debug|Any CPU
		{3A959E59-8B97-45CD-9BB5-82EBA279A406}.Debug|Any CPU.Build.0 = Debug|Any CPU
		{3A959E59-8B97-45CD-9BB5-82EBA279A406}.Release|Any CPU.ActiveCfg = Release|Any CPU
		{3A959E59-8B97-45CD-9BB5-82EBA279A406}.Release|Any CPU.Build.0 = Release|Any CPU
	EndGlobalSection
	GlobalSection(RiderSharedRunConfigurations) = postSolution
		File = .SMSL.UI\Properties\PubishProfiles\SMSL.UI Publish win-x64.run.xml
		File = SMSL.UI\Properties\PubishProfiles\win-x64.run.xml
	EndGlobalSection
EndGlobal
